// !$*UTF8*$!
{
	archiveVersion = 1;
	classes = {
	};
	objectVersion = 46;
	objects = {

/* Begin PBXBuildFile section */
		8DD76F9C0486AA7600D96B5E /* Foundation.framework in Frameworks */ = {isa = PBXBuildFile; fileRef = 08FB779EFE84155DC02AAC07 /* Foundation.framework */; };
		8DD76F9F0486AA7600D96B5E /* fmdb.1 in CopyFiles */ = {isa = PBXBuildFile; fileRef = C6859EA3029092ED04C91782 /* fmdb.1 */; };
		CC47A00F148581E9002CCDAB /* FMDatabaseQueue.h in Headers */ = {isa = PBXBuildFile; fileRef = CC47A00D148581E9002CCDAB /* FMDatabaseQueue.h */; };
		CC47A010148581E9002CCDAB /* FMDatabaseQueue.m in Sources */ = {isa = PBXBuildFile; fileRef = CC47A00E148581E9002CCDAB /* FMDatabaseQueue.m */; };
		CC47A011148581E9002CCDAB /* FMDatabaseQueue.m in Sources */ = {isa = PBXBuildFile; fileRef = CC47A00E148581E9002CCDAB /* FMDatabaseQueue.m */; };
		CC50F2CD0DF9183600E4AAAE /* FMDatabaseAdditions.m in Sources */ = {isa = PBXBuildFile; fileRef = CC50F2CB0DF9183600E4AAAE /* FMDatabaseAdditions.m */; };
		CC9E4EB913B31188005F9210 /* FMDatabasePool.m in Sources */ = {isa = PBXBuildFile; fileRef = CC9E4EB813B31188005F9210 /* FMDatabasePool.m */; };
		CC9E4EBA13B31188005F9210 /* FMDatabasePool.h in Headers */ = {isa = PBXBuildFile; fileRef = CC9E4EB713B31188005F9210 /* FMDatabasePool.h */; };
		CC9E4EBB13B31188005F9210 /* FMDatabasePool.m in Sources */ = {isa = PBXBuildFile; fileRef = CC9E4EB813B31188005F9210 /* FMDatabasePool.m */; };
		CCBE26C113B3BA8C006F6C37 /* AppKit.framework in Frameworks */ = {isa = PBXBuildFile; fileRef = CCBE26C013B3BA8C006F6C37 /* AppKit.framework */; };
		CCBEBDAC0DF5DE1A003DDD08 /* libsqlite3.dylib in Frameworks */ = {isa = PBXBuildFile; fileRef = CCBEBDAB0DF5DE1A003DDD08 /* libsqlite3.dylib */; };
		CCC24EC10A13E34D00A6D3E3 /* FMDatabase.h in CopyFiles */ = {isa = PBXBuildFile; fileRef = CCC24EBA0A13E34D00A6D3E3 /* FMDatabase.h */; };
		CCC24EC20A13E34D00A6D3E3 /* FMDatabase.m in Sources */ = {isa = PBXBuildFile; fileRef = CCC24EBB0A13E34D00A6D3E3 /* FMDatabase.m */; };
		CCC24EC50A13E34D00A6D3E3 /* fmdb.m in Sources */ = {isa = PBXBuildFile; fileRef = CCC24EBE0A13E34D00A6D3E3 /* fmdb.m */; };
		CCC24EC60A13E34D00A6D3E3 /* FMResultSet.h in CopyFiles */ = {isa = PBXBuildFile; fileRef = CCC24EBF0A13E34D00A6D3E3 /* FMResultSet.h */; };
		CCC24EC70A13E34D00A6D3E3 /* FMResultSet.m in Sources */ = {isa = PBXBuildFile; fileRef = CCC24EC00A13E34D00A6D3E3 /* FMResultSet.m */; };
		EE42910512B42FBC0088BD94 /* FMDatabaseAdditions.m in Sources */ = {isa = PBXBuildFile; fileRef = CC50F2CB0DF9183600E4AAAE /* FMDatabaseAdditions.m */; };
		EE42910612B42FC30088BD94 /* FMDatabaseAdditions.h in Headers */ = {isa = PBXBuildFile; fileRef = CC50F2CC0DF9183600E4AAAE /* FMDatabaseAdditions.h */; };
		EE42910712B42FC90088BD94 /* FMDatabase.h in Headers */ = {isa = PBXBuildFile; fileRef = CCC24EBA0A13E34D00A6D3E3 /* FMDatabase.h */; settings = {ATTRIBUTES = (Public, ); }; };
		EE42910812B42FCC0088BD94 /* FMDatabase.m in Sources */ = {isa = PBXBuildFile; fileRef = CCC24EBB0A13E34D00A6D3E3 /* FMDatabase.m */; };
		EE42910912B42FD00088BD94 /* FMResultSet.h in Headers */ = {isa = PBXBuildFile; fileRef = CCC24EBF0A13E34D00A6D3E3 /* FMResultSet.h */; settings = {ATTRIBUTES = (Public, ); }; };
		EE42910A12B42FD20088BD94 /* FMResultSet.m in Sources */ = {isa = PBXBuildFile; fileRef = CCC24EC00A13E34D00A6D3E3 /* FMResultSet.m */; };
		EE42910D12B42FFA0088BD94 /* libsqlite3.dylib in Frameworks */ = {isa = PBXBuildFile; fileRef = EE42910C12B42FFA0088BD94 /* libsqlite3.dylib */; };
		EE42910F12B430070088BD94 /* Foundation.framework in Frameworks */ = {isa = PBXBuildFile; fileRef = EE42910E12B430070088BD94 /* Foundation.framework */; };
/* End PBXBuildFile section */

/* Begin PBXCopyFilesBuildPhase section */
		8DD76F9E0486AA7600D96B5E /* CopyFiles */ = {
			isa = PBXCopyFilesBuildPhase;
			buildActionMask = 8;
			dstPath = /usr/share/man/man1/;
			dstSubfolderSpec = 0;
			files = (
				8DD76F9F0486AA7600D96B5E /* fmdb.1 in CopyFiles */,
				CCC24EC10A13E34D00A6D3E3 /* FMDatabase.h in CopyFiles */,
				CCC24EC60A13E34D00A6D3E3 /* FMResultSet.h in CopyFiles */,
			);
			runOnlyForDeploymentPostprocessing = 1;
		};
/* End PBXCopyFilesBuildPhase section */

/* Begin PBXFileReference section */
		08FB779EFE84155DC02AAC07 /* Foundation.framework */ = {isa = PBXFileReference; lastKnownFileType = wrapper.framework; name = Foundation.framework; path = /System/Library/Frameworks/Foundation.framework; sourceTree = "<absolute>"; };
		32A70AAB03705E1F00C91783 /* fmdb_Prefix.pch */ = {isa = PBXFileReference; fileEncoding = 4; lastKnownFileType = sourcecode.c.h; path = fmdb_Prefix.pch; sourceTree = "<group>"; };
		8DD76FA10486AA7600D96B5E /* fmdb */ = {isa = PBXFileReference; explicitFileType = "compiled.mach-o.executable"; includeInIndex = 0; path = fmdb; sourceTree = BUILT_PRODUCTS_DIR; };
		C6859EA3029092ED04C91782 /* fmdb.1 */ = {isa = PBXFileReference; lastKnownFileType = text.man; path = fmdb.1; sourceTree = "<group>"; };
		CC47A00D148581E9002CCDAB /* FMDatabaseQueue.h */ = {isa = PBXFileReference; fileEncoding = 4; lastKnownFileType = sourcecode.c.h; name = FMDatabaseQueue.h; path = src/FMDatabaseQueue.h; sourceTree = "<group>"; };
		CC47A00E148581E9002CCDAB /* FMDatabaseQueue.m */ = {isa = PBXFileReference; fileEncoding = 4; lastKnownFileType = sourcecode.c.objc; name = FMDatabaseQueue.m; path = src/FMDatabaseQueue.m; sourceTree = "<group>"; };
		CC50F2CB0DF9183600E4AAAE /* FMDatabaseAdditions.m */ = {isa = PBXFileReference; fileEncoding = 4; lastKnownFileType = sourcecode.c.objc; name = FMDatabaseAdditions.m; path = src/FMDatabaseAdditions.m; sourceTree = "<group>"; };
		CC50F2CC0DF9183600E4AAAE /* FMDatabaseAdditions.h */ = {isa = PBXFileReference; fileEncoding = 4; lastKnownFileType = sourcecode.c.h; name = FMDatabaseAdditions.h; path = src/FMDatabaseAdditions.h; sourceTree = "<group>"; };
		CC8C138A0E3135C400FBE1E7 /* CHANGES_AND_TODO_LIST.txt */ = {isa = PBXFileReference; fileEncoding = 4; lastKnownFileType = text; path = CHANGES_AND_TODO_LIST.txt; sourceTree = "<group>"; };
		CC8C138B0E3135C400FBE1E7 /* LICENSE.txt */ = {isa = PBXFileReference; fileEncoding = 4; lastKnownFileType = text; path = LICENSE.txt; sourceTree = "<group>"; };
		CC8C138C0E3135C400FBE1E7 /* CONTRIBUTORS.txt */ = {isa = PBXFileReference; fileEncoding = 4; lastKnownFileType = text; path = CONTRIBUTORS.txt; sourceTree = "<group>"; };
		CC9E4EB713B31188005F9210 /* FMDatabasePool.h */ = {isa = PBXFileReference; fileEncoding = 4; lastKnownFileType = sourcecode.c.h; name = FMDatabasePool.h; path = src/FMDatabasePool.h; sourceTree = "<group>"; };
		CC9E4EB813B31188005F9210 /* FMDatabasePool.m */ = {isa = PBXFileReference; fileEncoding = 4; lastKnownFileType = sourcecode.c.objc; name = FMDatabasePool.m; path = src/FMDatabasePool.m; sourceTree = "<group>"; };
		CCBE26C013B3BA8C006F6C37 /* AppKit.framework */ = {isa = PBXFileReference; lastKnownFileType = wrapper.framework; name = AppKit.framework; path = /System/Library/Frameworks/AppKit.framework; sourceTree = "<absolute>"; };
		CCBEBDAB0DF5DE1A003DDD08 /* libsqlite3.dylib */ = {isa = PBXFileReference; lastKnownFileType = "compiled.mach-o.dylib"; name = libsqlite3.dylib; path = /usr/lib/libsqlite3.dylib; sourceTree = "<absolute>"; };
		CCC24EBA0A13E34D00A6D3E3 /* FMDatabase.h */ = {isa = PBXFileReference; fileEncoding = 4; lastKnownFileType = sourcecode.c.h; name = FMDatabase.h; path = src/FMDatabase.h; sourceTree = "<group>"; };
		CCC24EBB0A13E34D00A6D3E3 /* FMDatabase.m */ = {isa = PBXFileReference; fileEncoding = 4; lastKnownFileType = sourcecode.c.objc; name = FMDatabase.m; path = src/FMDatabase.m; sourceTree = "<group>"; };
		CCC24EBE0A13E34D00A6D3E3 /* fmdb.m */ = {isa = PBXFileReference; fileEncoding = 4; lastKnownFileType = sourcecode.c.objc; name = fmdb.m; path = src/fmdb.m; sourceTree = "<group>"; };
		CCC24EBF0A13E34D00A6D3E3 /* FMResultSet.h */ = {isa = PBXFileReference; fileEncoding = 4; lastKnownFileType = sourcecode.c.h; name = FMResultSet.h; path = src/FMResultSet.h; sourceTree = "<group>"; };
		CCC24EC00A13E34D00A6D3E3 /* FMResultSet.m */ = {isa = PBXFileReference; fileEncoding = 4; lastKnownFileType = sourcecode.c.objc; name = FMResultSet.m; path = src/FMResultSet.m; sourceTree = "<group>"; };
		EE4290EF12B42F870088BD94 /* libFMDB.a */ = {isa = PBXFileReference; explicitFileType = archive.ar; includeInIndex = 0; path = libFMDB.a; sourceTree = BUILT_PRODUCTS_DIR; };
		EE42910C12B42FFA0088BD94 /* libsqlite3.dylib */ = {isa = PBXFileReference; lastKnownFileType = "compiled.mach-o.dylib"; name = libsqlite3.dylib; path = usr/lib/libsqlite3.dylib; sourceTree = SDKROOT; };
		EE42910E12B430070088BD94 /* Foundation.framework */ = {isa = PBXFileReference; lastKnownFileType = wrapper.framework; name = Foundation.framework; path = System/Library/Frameworks/Foundation.framework; sourceTree = SDKROOT; };
/* End PBXFileReference section */

/* Begin PBXFrameworksBuildPhase section */
		8DD76F9B0486AA7600D96B5E /* Frameworks */ = {
			isa = PBXFrameworksBuildPhase;
			buildActionMask = 2147483647;
			files = (
				8DD76F9C0486AA7600D96B5E /* Foundation.framework in Frameworks */,
				CCBEBDAC0DF5DE1A003DDD08 /* libsqlite3.dylib in Frameworks */,
				CCBE26C113B3BA8C006F6C37 /* AppKit.framework in Frameworks */,
			);
			runOnlyForDeploymentPostprocessing = 0;
		};
		EE4290ED12B42F870088BD94 /* Frameworks */ = {
			isa = PBXFrameworksBuildPhase;
			buildActionMask = 2147483647;
			files = (
				EE42910F12B430070088BD94 /* Foundation.framework in Frameworks */,
				EE42910D12B42FFA0088BD94 /* libsqlite3.dylib in Frameworks */,
			);
			runOnlyForDeploymentPostprocessing = 0;
		};
/* End PBXFrameworksBuildPhase section */

/* Begin PBXGroup section */
		08FB7794FE84155DC02AAC07 /* fmdb */ = {
			isa = PBXGroup;
			children = (
				CC8C138B0E3135C400FBE1E7 /* LICENSE.txt */,
				CC8C138A0E3135C400FBE1E7 /* CHANGES_AND_TODO_LIST.txt */,
				CC8C138C0E3135C400FBE1E7 /* CONTRIBUTORS.txt */,
				08FB7795FE84155DC02AAC07 /* Source */,
				C6859EA2029092E104C91782 /* Documentation */,
				08FB779DFE84155DC02AAC07 /* External Frameworks and Libraries */,
				1AB674ADFE9D54B511CA2CBB /* Products */,
				EE42910C12B42FFA0088BD94 /* libsqlite3.dylib */,
				EE42910E12B430070088BD94 /* Foundation.framework */,
			);
			name = fmdb;
			sourceTree = "<group>";
		};
		08FB7795FE84155DC02AAC07 /* Source */ = {
			isa = PBXGroup;
			children = (
				CC47A00D148581E9002CCDAB /* FMDatabaseQueue.h */,
				CC47A00E148581E9002CCDAB /* FMDatabaseQueue.m */,
				CC50F2CC0DF9183600E4AAAE /* FMDatabaseAdditions.h */,
				CC50F2CB0DF9183600E4AAAE /* FMDatabaseAdditions.m */,
				CCC24EBA0A13E34D00A6D3E3 /* FMDatabase.h */,
				CCC24EBB0A13E34D00A6D3E3 /* FMDatabase.m */,
				CCC24EBF0A13E34D00A6D3E3 /* FMResultSet.h */,
				CCC24EC00A13E34D00A6D3E3 /* FMResultSet.m */,
				CC9E4EB713B31188005F9210 /* FMDatabasePool.h */,
				CC9E4EB813B31188005F9210 /* FMDatabasePool.m */,
				32A70AAB03705E1F00C91783 /* fmdb_Prefix.pch */,
				CCC24EBE0A13E34D00A6D3E3 /* fmdb.m */,
			);
			name = Source;
			sourceTree = "<group>";
		};
		08FB779DFE84155DC02AAC07 /* External Frameworks and Libraries */ = {
			isa = PBXGroup;
			children = (
				CCBEBDAB0DF5DE1A003DDD08 /* libsqlite3.dylib */,
				08FB779EFE84155DC02AAC07 /* Foundation.framework */,
				CCBE26C013B3BA8C006F6C37 /* AppKit.framework */,
			);
			name = "External Frameworks and Libraries";
			sourceTree = "<group>";
		};
		1AB674ADFE9D54B511CA2CBB /* Products */ = {
			isa = PBXGroup;
			children = (
				8DD76FA10486AA7600D96B5E /* fmdb */,
				EE4290EF12B42F870088BD94 /* libFMDB.a */,
			);
			name = Products;
			sourceTree = "<group>";
		};
		C6859EA2029092E104C91782 /* Documentation */ = {
			isa = PBXGroup;
			children = (
				C6859EA3029092ED04C91782 /* fmdb.1 */,
			);
			name = Documentation;
			sourceTree = "<group>";
		};
/* End PBXGroup section */

/* Begin PBXHeadersBuildPhase section */
		EE4290EB12B42F870088BD94 /* Headers */ = {
			isa = PBXHeadersBuildPhase;
			buildActionMask = 2147483647;
			files = (
				EE42910712B42FC90088BD94 /* FMDatabase.h in Headers */,
				EE42910612B42FC30088BD94 /* FMDatabaseAdditions.h in Headers */,
				EE42910912B42FD00088BD94 /* FMResultSet.h in Headers */,
				CC9E4EBA13B31188005F9210 /* FMDatabasePool.h in Headers */,
				CC47A00F148581E9002CCDAB /* FMDatabaseQueue.h in Headers */,
			);
			runOnlyForDeploymentPostprocessing = 0;
		};
/* End PBXHeadersBuildPhase section */

/* Begin PBXNativeTarget section */
		8DD76F960486AA7600D96B5E /* fmdb */ = {
			isa = PBXNativeTarget;
			buildConfigurationList = 1DEB927408733DD40010E9CD /* Build configuration list for PBXNativeTarget "fmdb" */;
			buildPhases = (
				8DD76F990486AA7600D96B5E /* Sources */,
				8DD76F9B0486AA7600D96B5E /* Frameworks */,
				8DD76F9E0486AA7600D96B5E /* CopyFiles */,
			);
			buildRules = (
			);
			dependencies = (
			);
			name = fmdb;
			productInstallPath = "$(HOME)/bin";
			productName = fmdb;
			productReference = 8DD76FA10486AA7600D96B5E /* fmdb */;
			productType = "com.apple.product-type.tool";
		};
		EE4290EE12B42F870088BD94 /* FMDB */ = {
			isa = PBXNativeTarget;
			buildConfigurationList = EE42910012B42FA00088BD94 /* Build configuration list for PBXNativeTarget "FMDB" */;
			buildPhases = (
				EE4290EB12B42F870088BD94 /* Headers */,
				EE4290EC12B42F870088BD94 /* Sources */,
				EE4290ED12B42F870088BD94 /* Frameworks */,
			);
			buildRules = (
			);
			dependencies = (
			);
			name = FMDB;
			productName = FMDB;
			productReference = EE4290EF12B42F870088BD94 /* libFMDB.a */;
			productType = "com.apple.product-type.library.static";
		};
/* End PBXNativeTarget section */

/* Begin PBXProject section */
		08FB7793FE84155DC02AAC07 /* Project object */ = {
			isa = PBXProject;
			attributes = {
				LastUpgradeCheck = 0460;
			};
			buildConfigurationList = 1DEB927808733DD40010E9CD /* Build configuration list for PBXProject "fmdb" */;
			compatibilityVersion = "Xcode 3.2";
			developmentRegion = English;
			hasScannedForEncodings = 1;
			knownRegions = (
				English,
				Japanese,
				French,
				German,
			);
			mainGroup = 08FB7794FE84155DC02AAC07 /* fmdb */;
			projectDirPath = "";
			projectRoot = "";
			targets = (
				8DD76F960486AA7600D96B5E /* fmdb */,
				EE4290EE12B42F870088BD94 /* FMDB */,
			);
		};
/* End PBXProject section */

/* Begin PBXSourcesBuildPhase section */
		8DD76F990486AA7600D96B5E /* Sources */ = {
			isa = PBXSourcesBuildPhase;
			buildActionMask = 2147483647;
			files = (
				CCC24EC20A13E34D00A6D3E3 /* FMDatabase.m in Sources */,
				CCC24EC50A13E34D00A6D3E3 /* fmdb.m in Sources */,
				CCC24EC70A13E34D00A6D3E3 /* FMResultSet.m in Sources */,
				CC50F2CD0DF9183600E4AAAE /* FMDatabaseAdditions.m in Sources */,
				CC9E4EB913B31188005F9210 /* FMDatabasePool.m in Sources */,
				CC47A010148581E9002CCDAB /* FMDatabaseQueue.m in Sources */,
			);
			runOnlyForDeploymentPostprocessing = 0;
		};
		EE4290EC12B42F870088BD94 /* Sources */ = {
			isa = PBXSourcesBuildPhase;
			buildActionMask = 2147483647;
			files = (
				EE42910812B42FCC0088BD94 /* FMDatabase.m in Sources */,
				EE42910512B42FBC0088BD94 /* FMDatabaseAdditions.m in Sources */,
				EE42910A12B42FD20088BD94 /* FMResultSet.m in Sources */,
				CC9E4EBB13B31188005F9210 /* FMDatabasePool.m in Sources */,
				CC47A011148581E9002CCDAB /* FMDatabaseQueue.m in Sources */,
			);
			runOnlyForDeploymentPostprocessing = 0;
		};
/* End PBXSourcesBuildPhase section */

/* Begin XCBuildConfiguration section */
		1DEB927508733DD40010E9CD /* Debug */ = {
			isa = XCBuildConfiguration;
			buildSettings = {
				ARCHS = "$(ARCHS_STANDARD_64_BIT)";
				CLANG_ENABLE_OBJC_ARC = YES;
				CLANG_WARN_IMPLICIT_SIGN_CONVERSION = YES;
				CLANG_WARN_OBJC_IMPLICIT_ATOMIC_PROPERTIES = YES;
				CLANG_WARN_SUSPICIOUS_IMPLICIT_CONVERSION = YES;
				COPY_PHASE_STRIP = NO;
				GCC_DYNAMIC_NO_PIC = NO;
				GCC_OPTIMIZATION_LEVEL = 0;
				GCC_PRECOMPILE_PREFIX_HEADER = YES;
				GCC_PREFIX_HEADER = fmdb_Prefix.pch;
				GCC_WARN_SHADOW = YES;
				INSTALL_PATH = "$(HOME)/bin";
				LIBRARY_SEARCH_PATHS = "$(LIBRARY_SEARCH_PATHS)";
				PRODUCT_NAME = fmdb;
			};
			name = Debug;
		};
		1DEB927608733DD40010E9CD /* Release */ = {
			isa = XCBuildConfiguration;
			buildSettings = {
				ARCHS = "$(ARCHS_STANDARD_32_64_BIT)";
				CLANG_ENABLE_OBJC_ARC = YES;
				CLANG_WARN_IMPLICIT_SIGN_CONVERSION = YES;
				CLANG_WARN_OBJC_IMPLICIT_ATOMIC_PROPERTIES = YES;
				CLANG_WARN_SUSPICIOUS_IMPLICIT_CONVERSION = YES;
				GCC_GENERATE_DEBUGGING_SYMBOLS = NO;
				GCC_MODEL_TUNING = G5;
				GCC_PRECOMPILE_PREFIX_HEADER = YES;
				GCC_PREFIX_HEADER = fmdb_Prefix.pch;
				GCC_WARN_SHADOW = YES;
				INSTALL_PATH = "$(HOME)/bin";
				LIBRARY_SEARCH_PATHS = "$(LIBRARY_SEARCH_PATHS)";
				PRODUCT_NAME = fmdb;
			};
			name = Release;
		};
		1DEB927908733DD40010E9CD /* Debug */ = {
			isa = XCBuildConfiguration;
			buildSettings = {
				ARCHS = "$(ARCHS_STANDARD_32_64_BIT)";
				CLANG_WARN_CONSTANT_CONVERSION = YES;
				CLANG_WARN_ENUM_CONVERSION = YES;
				CLANG_WARN_INT_CONVERSION = YES;
				CLANG_WARN__DUPLICATE_METHOD_MATCH = YES;
				GCC_C_LANGUAGE_STANDARD = c99;
				GCC_VERSION = com.apple.compilers.llvm.clang.1_0;
				GCC_WARN_64_TO_32_BIT_CONVERSION = YES;
				GCC_WARN_ABOUT_RETURN_TYPE = YES;
				GCC_WARN_MISSING_PARENTHESES = YES;
				GCC_WARN_PEDANTIC = YES;
				GCC_WARN_SIGN_COMPARE = YES;
				GCC_WARN_UNINITIALIZED_AUTOS = YES;
				GCC_WARN_UNUSED_VARIABLE = YES;
			};
			name = Debug;
		};
		1DEB927A08733DD40010E9CD /* Release */ = {
			isa = XCBuildConfiguration;
			buildSettings = {
				CLANG_WARN_CONSTANT_CONVERSION = YES;
				CLANG_WARN_ENUM_CONVERSION = YES;
				CLANG_WARN_INT_CONVERSION = YES;
				CLANG_WARN__DUPLICATE_METHOD_MATCH = YES;
				GCC_C_LANGUAGE_STANDARD = c99;
				GCC_VERSION = com.apple.compilers.llvm.clang.1_0;
				GCC_WARN_ABOUT_RETURN_TYPE = YES;
				GCC_WARN_UNINITIALIZED_AUTOS = YES;
				GCC_WARN_UNUSED_VARIABLE = YES;
			};
			name = Release;
		};
		EE4290F012B42F880088BD94 /* Debug */ = {
			isa = XCBuildConfiguration;
			buildSettings = {
				ALWAYS_SEARCH_USER_PATHS = NO;
				COMBINE_HIDPI_IMAGES = YES;
				COPY_PHASE_STRIP = NO;
				GCC_DYNAMIC_NO_PIC = NO;
				GCC_OPTIMIZATION_LEVEL = 0;
				PRODUCT_NAME = FMDB;
			};
			name = Debug;
		};
		EE4290F112B42F880088BD94 /* Release */ = {
			isa = XCBuildConfiguration;
			buildSettings = {
				ALWAYS_SEARCH_USER_PATHS = NO;
				COMBINE_HIDPI_IMAGES = YES;
				COPY_PHASE_STRIP = YES;
				DEBUG_INFORMATION_FORMAT = "dwarf-with-dsym";
				PRODUCT_NAME = FMDB;
				ZERO_LINK = NO;
			};
			name = Release;
		};
/* End XCBuildConfiguration section */

/* Begin XCConfigurationList section */
		1DEB927408733DD40010E9CD /* Build configuration list for PBXNativeTarget "fmdb" */ = {
			isa = XCConfigurationList;
			buildConfigurations = (
				1DEB927508733DD40010E9CD /* Debug */,
				1DEB927608733DD40010E9CD /* Release */,
			);
			defaultConfigurationIsVisible = 0;
			defaultConfigurationName = Release;
		};
		1DEB927808733DD40010E9CD /* Build configuration list for PBXProject "fmdb" */ = {
			isa = XCConfigurationList;
			buildConfigurations = (
				1DEB927908733DD40010E9CD /* Debug */,
				1DEB927A08733DD40010E9CD /* Release */,
			);
			defaultConfigurationIsVisible = 0;
			defaultConfigurationName = Release;
		};
		EE42910012B42FA00088BD94 /* Build configuration list for PBXNativeTarget "FMDB" */ = {
			isa = XCConfigurationList;
			buildConfigurations = (
				EE4290F012B42F880088BD94 /* Debug */,
				EE4290F112B42F880088BD94 /* Release */,
			);
			defaultConfigurationIsVisible = 0;
			defaultConfigurationName = Release;
		};
/* End XCConfigurationList section */
	};
	rootObject = 08FB7793FE84155DC02AAC07 /* Project object */;
}
